PODS:
  - InjectableLoggers (0.1.0)

DEPENDENCIES:
  - InjectableLoggers (from `../`)

EXTERNAL SOURCES:
  InjectableLoggers:
    :path: "../"

SPEC CHECKSUMS:
  InjectableLoggers: b5fe2ac4424138c819555b7a5fc34e5863889d01

PODFILE CHECKSUM: c4537348b10a620f863d910e5a1165e2f5530560

COCOAPODS: 1.5.0
